// !$*UTF8*$!
{
	archiveVersion = 1;
	classes = {
	};
	objectVersion = 46;
	objects = {

/* Begin PBXBuildFile section */
		967CBBE41CA24BC8000D2027 /* AppDelegate.swift in Sources */ = {isa = PBXBuildFile; fileRef = 967CBBE31CA24BC8000D2027 /* AppDelegate.swift */; };
		967CBBE61CA24BC8000D2027 /* ViewController.swift in Sources */ = {isa = PBXBuildFile; fileRef = 967CBBE51CA24BC8000D2027 /* ViewController.swift */; };
		967CBBE91CA24BC8000D2027 /* Main.storyboard in Resources */ = {isa = PBXBuildFile; fileRef = 967CBBE71CA24BC8000D2027 /* Main.storyboard */; };
		967CBBEC1CA24BC8000D2027 /* CPYPagerViewController.xcdatamodeld in Sources */ = {isa = PBXBuildFile; fileRef = 967CBBEA1CA24BC8000D2027 /* CPYPagerViewController.xcdatamodeld */; };
		967CBBEE1CA24BC8000D2027 /* Assets.xcassets in Resources */ = {isa = PBXBuildFile; fileRef = 967CBBED1CA24BC8000D2027 /* Assets.xcassets */; };
		967CBBF11CA24BC8000D2027 /* LaunchScreen.storyboard in Resources */ = {isa = PBXBuildFile; fileRef = 967CBBEF1CA24BC8000D2027 /* LaunchScreen.storyboard */; };
		967CBBFC1CA24BC8000D2027 /* CPYPagerViewControllerTests.swift in Sources */ = {isa = PBXBuildFile; fileRef = 967CBBFB1CA24BC8000D2027 /* CPYPagerViewControllerTests.swift */; };
		967CBC071CA24BC8000D2027 /* CPYPagerViewControllerUITests.swift in Sources */ = {isa = PBXBuildFile; fileRef = 967CBC061CA24BC8000D2027 /* CPYPagerViewControllerUITests.swift */; };
		967CBC151CA24C19000D2027 /* CPYPagerViewController.swift in Sources */ = {isa = PBXBuildFile; fileRef = 967CBC141CA24C19000D2027 /* CPYPagerViewController.swift */; };
/* End PBXBuildFile section */

/* Begin PBXContainerItemProxy section */
		967CBBF81CA24BC8000D2027 /* PBXContainerItemProxy */ = {
			isa = PBXContainerItemProxy;
			containerPortal = 967CBBD81CA24BC8000D2027 /* Project object */;
			proxyType = 1;
			remoteGlobalIDString = 967CBBDF1CA24BC8000D2027;
			remoteInfo = CPYPagerViewController;
		};
		967CBC031CA24BC8000D2027 /* PBXContainerItemProxy */ = {
			isa = PBXContainerItemProxy;
			containerPortal = 967CBBD81CA24BC8000D2027 /* Project object */;
			proxyType = 1;
			remoteGlobalIDString = 967CBBDF1CA24BC8000D2027;
			remoteInfo = CPYPagerViewController;
		};
/* End PBXContainerItemProxy section */

/* Begin PBXFileReference section */
		967CBBE01CA24BC8000D2027 /* CPYPagerViewController.app */ = {isa = PBXFileReference; explicitFileType = wrapper.application; includeInIndex = 0; path = CPYPagerViewController.app; sourceTree = BUILT_PRODUCTS_DIR; };
		967CBBE31CA24BC8000D2027 /* AppDelegate.swift */ = {isa = PBXFileReference; lastKnownFileType = sourcecode.swift; path = AppDelegate.swift; sourceTree = "<group>"; };
		967CBBE51CA24BC8000D2027 /* ViewController.swift */ = {isa = PBXFileReference; lastKnownFileType = sourcecode.swift; path = ViewController.swift; sourceTree = "<group>"; };
		967CBBE81CA24BC8000D2027 /* Base */ = {isa = PBXFileReference; lastKnownFileType = file.storyboard; name = Base; path = Base.lproj/Main.storyboard; sourceTree = "<group>"; };
		967CBBEB1CA24BC8000D2027 /* CPYPagerViewController.xcdatamodel */ = {isa = PBXFileReference; lastKnownFileType = wrapper.xcdatamodel; path = CPYPagerViewController.xcdatamodel; sourceTree = "<group>"; };
		967CBBED1CA24BC8000D2027 /* Assets.xcassets */ = {isa = PBXFileReference; lastKnownFileType = folder.assetcatalog; path = Assets.xcassets; sourceTree = "<group>"; };
		967CBBF01CA24BC8000D2027 /* Base */ = {isa = PBXFileReference; lastKnownFileType = file.storyboard; name = Base; path = Base.lproj/LaunchScreen.storyboard; sourceTree = "<group>"; };
		967CBBF21CA24BC8000D2027 /* Info.plist */ = {isa = PBXFileReference; lastKnownFileType = text.plist.xml; path = Info.plist; sourceTree = "<group>"; };
		967CBBF71CA24BC8000D2027 /* CPYPagerViewControllerTests.xctest */ = {isa = PBXFileReference; explicitFileType = wrapper.cfbundle; includeInIndex = 0; path = CPYPagerViewControllerTests.xctest; sourceTree = BUILT_PRODUCTS_DIR; };
		967CBBFB1CA24BC8000D2027 /* CPYPagerViewControllerTests.swift */ = {isa = PBXFileReference; lastKnownFileType = sourcecode.swift; path = CPYPagerViewControllerTests.swift; sourceTree = "<group>"; };
		967CBBFD1CA24BC8000D2027 /* Info.plist */ = {isa = PBXFileReference; lastKnownFileType = text.plist.xml; path = Info.plist; sourceTree = "<group>"; };
		967CBC021CA24BC8000D2027 /* CPYPagerViewControllerUITests.xctest */ = {isa = PBXFileReference; explicitFileType = wrapper.cfbundle; includeInIndex = 0; path = CPYPagerViewControllerUITests.xctest; sourceTree = BUILT_PRODUCTS_DIR; };
		967CBC061CA24BC8000D2027 /* CPYPagerViewControllerUITests.swift */ = {isa = PBXFileReference; lastKnownFileType = sourcecode.swift; path = CPYPagerViewControllerUITests.swift; sourceTree = "<group>"; };
		967CBC081CA24BC8000D2027 /* Info.plist */ = {isa = PBXFileReference; lastKnownFileType = text.plist.xml; path = Info.plist; sourceTree = "<group>"; };
		967CBC141CA24C19000D2027 /* CPYPagerViewController.swift */ = {isa = PBXFileReference; fileEncoding = 4; lastKnownFileType = sourcecode.swift; path = CPYPagerViewController.swift; sourceTree = "<group>"; };
/* End PBXFileReference section */

/* Begin PBXFrameworksBuildPhase section */
		967CBBDD1CA24BC8000D2027 /* Frameworks */ = {
			isa = PBXFrameworksBuildPhase;
			buildActionMask = 2147483647;
			files = (
			);
			runOnlyForDeploymentPostprocessing = 0;
		};
		967CBBF41CA24BC8000D2027 /* Frameworks */ = {
			isa = PBXFrameworksBuildPhase;
			buildActionMask = 2147483647;
			files = (
			);
			runOnlyForDeploymentPostprocessing = 0;
		};
		967CBBFF1CA24BC8000D2027 /* Frameworks */ = {
			isa = PBXFrameworksBuildPhase;
			buildActionMask = 2147483647;
			files = (
			);
			runOnlyForDeploymentPostprocessing = 0;
		};
/* End PBXFrameworksBuildPhase section */

/* Begin PBXGroup section */
		967CBBD71CA24BC8000D2027 = {
			isa = PBXGroup;
			children = (
				967CBBE21CA24BC8000D2027 /* CPYPagerViewController */,
				967CBBFA1CA24BC8000D2027 /* CPYPagerViewControllerTests */,
				967CBC051CA24BC8000D2027 /* CPYPagerViewControllerUITests */,
				967CBBE11CA24BC8000D2027 /* Products */,
			);
			sourceTree = "<group>";
		};
		967CBBE11CA24BC8000D2027 /* Products */ = {
			isa = PBXGroup;
			children = (
				967CBBE01CA24BC8000D2027 /* CPYPagerViewController.app */,
				967CBBF71CA24BC8000D2027 /* CPYPagerViewControllerTests.xctest */,
				967CBC021CA24BC8000D2027 /* CPYPagerViewControllerUITests.xctest */,
			);
			name = Products;
			sourceTree = "<group>";
		};
		967CBBE21CA24BC8000D2027 /* CPYPagerViewController */ = {
			isa = PBXGroup;
			children = (
				967CBBE31CA24BC8000D2027 /* AppDelegate.swift */,
				967CBBE51CA24BC8000D2027 /* ViewController.swift */,
				967CBC141CA24C19000D2027 /* CPYPagerViewController.swift */,
				967CBBE71CA24BC8000D2027 /* Main.storyboard */,
				967CBBED1CA24BC8000D2027 /* Assets.xcassets */,
				967CBBEF1CA24BC8000D2027 /* LaunchScreen.storyboard */,
				967CBBF21CA24BC8000D2027 /* Info.plist */,
				967CBBEA1CA24BC8000D2027 /* CPYPagerViewController.xcdatamodeld */,
			);
			path = CPYPagerViewController;
			sourceTree = "<group>";
		};
		967CBBFA1CA24BC8000D2027 /* CPYPagerViewControllerTests */ = {
			isa = PBXGroup;
			children = (
				967CBBFB1CA24BC8000D2027 /* CPYPagerViewControllerTests.swift */,
				967CBBFD1CA24BC8000D2027 /* Info.plist */,
			);
			path = CPYPagerViewControllerTests;
			sourceTree = "<group>";
		};
		967CBC051CA24BC8000D2027 /* CPYPagerViewControllerUITests */ = {
			isa = PBXGroup;
			children = (
				967CBC061CA24BC8000D2027 /* CPYPagerViewControllerUITests.swift */,
				967CBC081CA24BC8000D2027 /* Info.plist */,
			);
			path = CPYPagerViewControllerUITests;
			sourceTree = "<group>";
		};
/* End PBXGroup section */

/* Begin PBXNativeTarget section */
		967CBBDF1CA24BC8000D2027 /* CPYPagerViewController */ = {
			isa = PBXNativeTarget;
			buildConfigurationList = 967CBC0B1CA24BC8000D2027 /* Build configuration list for PBXNativeTarget "CPYPagerViewController" */;
			buildPhases = (
				967CBBDC1CA24BC8000D2027 /* Sources */,
				967CBBDD1CA24BC8000D2027 /* Frameworks */,
				967CBBDE1CA24BC8000D2027 /* Resources */,
			);
			buildRules = (
			);
			dependencies = (
			);
			name = CPYPagerViewController;
			productName = CPYPagerViewController;
			productReference = 967CBBE01CA24BC8000D2027 /* CPYPagerViewController.app */;
			productType = "com.apple.product-type.application";
		};
		967CBBF61CA24BC8000D2027 /* CPYPagerViewControllerTests */ = {
			isa = PBXNativeTarget;
			buildConfigurationList = 967CBC0E1CA24BC8000D2027 /* Build configuration list for PBXNativeTarget "CPYPagerViewControllerTests" */;
			buildPhases = (
				967CBBF31CA24BC8000D2027 /* Sources */,
				967CBBF41CA24BC8000D2027 /* Frameworks */,
				967CBBF51CA24BC8000D2027 /* Resources */,
			);
			buildRules = (
			);
			dependencies = (
				967CBBF91CA24BC8000D2027 /* PBXTargetDependency */,
			);
			name = CPYPagerViewControllerTests;
			productName = CPYPagerViewControllerTests;
			productReference = 967CBBF71CA24BC8000D2027 /* CPYPagerViewControllerTests.xctest */;
			productType = "com.apple.product-type.bundle.unit-test";
		};
		967CBC011CA24BC8000D2027 /* CPYPagerViewControllerUITests */ = {
			isa = PBXNativeTarget;
			buildConfigurationList = 967CBC111CA24BC8000D2027 /* Build configuration list for PBXNativeTarget "CPYPagerViewControllerUITests" */;
			buildPhases = (
				967CBBFE1CA24BC8000D2027 /* Sources */,
				967CBBFF1CA24BC8000D2027 /* Frameworks */,
				967CBC001CA24BC8000D2027 /* Resources */,
			);
			buildRules = (
			);
			dependencies = (
				967CBC041CA24BC8000D2027 /* PBXTargetDependency */,
			);
			name = CPYPagerViewControllerUITests;
			productName = CPYPagerViewControllerUITests;
			productReference = 967CBC021CA24BC8000D2027 /* CPYPagerViewControllerUITests.xctest */;
			productType = "com.apple.product-type.bundle.ui-testing";
		};
/* End PBXNativeTarget section */

/* Begin PBXProject section */
		967CBBD81CA24BC8000D2027 /* Project object */ = {
			isa = PBXProject;
			attributes = {
				LastSwiftUpdateCheck = 0730;
				LastUpgradeCheck = 0730;
				ORGANIZATIONNAME = CPY;
				TargetAttributes = {
					967CBBDF1CA24BC8000D2027 = {
						CreatedOnToolsVersion = 7.3;
					};
					967CBBF61CA24BC8000D2027 = {
						CreatedOnToolsVersion = 7.3;
						TestTargetID = 967CBBDF1CA24BC8000D2027;
					};
					967CBC011CA24BC8000D2027 = {
						CreatedOnToolsVersion = 7.3;
						TestTargetID = 967CBBDF1CA24BC8000D2027;
					};
				};
			};
			buildConfigurationList = 967CBBDB1CA24BC8000D2027 /* Build configuration list for PBXProject "CPYPagerViewController" */;
			compatibilityVersion = "Xcode 3.2";
			developmentRegion = English;
			hasScannedForEncodings = 0;
			knownRegions = (
				en,
				Base,
			);
			mainGroup = 967CBBD71CA24BC8000D2027;
			productRefGroup = 967CBBE11CA24BC8000D2027 /* Products */;
			projectDirPath = "";
			projectRoot = "";
			targets = (
				967CBBDF1CA24BC8000D2027 /* CPYPagerViewController */,
				967CBBF61CA24BC8000D2027 /* CPYPagerViewControllerTests */,
				967CBC011CA24BC8000D2027 /* CPYPagerViewControllerUITests */,
			);
		};
/* End PBXProject section */

/* Begin PBXResourcesBuildPhase section */
		967CBBDE1CA24BC8000D2027 /* Resources */ = {
			isa = PBXResourcesBuildPhase;
			buildActionMask = 2147483647;
			files = (
				967CBBF11CA24BC8000D2027 /* LaunchScreen.storyboard in Resources */,
				967CBBEE1CA24BC8000D2027 /* Assets.xcassets in Resources */,
				967CBBE91CA24BC8000D2027 /* Main.storyboard in Resources */,
			);
			runOnlyForDeploymentPostprocessing = 0;
		};
		967CBBF51CA24BC8000D2027 /* Resources */ = {
			isa = PBXResourcesBuildPhase;
			buildActionMask = 2147483647;
			files = (
			);
			runOnlyForDeploymentPostprocessing = 0;
		};
		967CBC001CA24BC8000D2027 /* Resources */ = {
			isa = PBXResourcesBuildPhase;
			buildActionMask = 2147483647;
			files = (
			);
			runOnlyForDeploymentPostprocessing = 0;
		};
/* End PBXResourcesBuildPhase section */

/* Begin PBXSourcesBuildPhase section */
		967CBBDC1CA24BC8000D2027 /* Sources */ = {
			isa = PBXSourcesBuildPhase;
			buildActionMask = 2147483647;
			files = (
				967CBBE61CA24BC8000D2027 /* ViewController.swift in Sources */,
				967CBC151CA24C19000D2027 /* CPYPagerViewController.swift in Sources */,
				967CBBE41CA24BC8000D2027 /* AppDelegate.swift in Sources */,
				967CBBEC1CA24BC8000D2027 /* CPYPagerViewController.xcdatamodeld in Sources */,
			);
			runOnlyForDeploymentPostprocessing = 0;
		};
		967CBBF31CA24BC8000D2027 /* Sources */ = {
			isa = PBXSourcesBuildPhase;
			buildActionMask = 2147483647;
			files = (
				967CBBFC1CA24BC8000D2027 /* CPYPagerViewControllerTests.swift in Sources */,
			);
			runOnlyForDeploymentPostprocessing = 0;
		};
		967CBBFE1CA24BC8000D2027 /* Sources */ = {
			isa = PBXSourcesBuildPhase;
			buildActionMask = 2147483647;
			files = (
				967CBC071CA24BC8000D2027 /* CPYPagerViewControllerUITests.swift in Sources */,
			);
			runOnlyForDeploymentPostprocessing = 0;
		};
/* End PBXSourcesBuildPhase section */

/* Begin PBXTargetDependency section */
		967CBBF91CA24BC8000D2027 /* PBXTargetDependency */ = {
			isa = PBXTargetDependency;
			target = 967CBBDF1CA24BC8000D2027 /* CPYPagerViewController */;
			targetProxy = 967CBBF81CA24BC8000D2027 /* PBXContainerItemProxy */;
		};
		967CBC041CA24BC8000D2027 /* PBXTargetDependency */ = {
			isa = PBXTargetDependency;
			target = 967CBBDF1CA24BC8000D2027 /* CPYPagerViewController */;
			targetProxy = 967CBC031CA24BC8000D2027 /* PBXContainerItemProxy */;
		};
/* End PBXTargetDependency section */

/* Begin PBXVariantGroup section */
		967CBBE71CA24BC8000D2027 /* Main.storyboard */ = {
			isa = PBXVariantGroup;
			children = (
				967CBBE81CA24BC8000D2027 /* Base */,
			);
			name = Main.storyboard;
			sourceTree = "<group>";
		};
		967CBBEF1CA24BC8000D2027 /* LaunchScreen.storyboard */ = {
			isa = PBXVariantGroup;
			children = (
				967CBBF01CA24BC8000D2027 /* Base */,
			);
			name = LaunchScreen.storyboard;
			sourceTree = "<group>";
		};
/* End PBXVariantGroup section */

/* Begin XCBuildConfiguration section */
		967CBC091CA24BC8000D2027 /* Debug */ = {
			isa = XCBuildConfiguration;
			buildSettings = {
				ALWAYS_SEARCH_USER_PATHS = NO;
				CLANG_ANALYZER_NONNULL = YES;
				CLANG_CXX_LANGUAGE_STANDARD = "gnu++0x";
				CLANG_CXX_LIBRARY = "libc++";
				CLANG_ENABLE_MODULES = YES;
				CLANG_ENABLE_OBJC_ARC = YES;
				CLANG_WARN_BOOL_CONVERSION = YES;
				CLANG_WARN_CONSTANT_CONVERSION = YES;
				CLANG_WARN_DIRECT_OBJC_ISA_USAGE = YES_ERROR;
				CLANG_WARN_EMPTY_BODY = YES;
				CLANG_WARN_ENUM_CONVERSION = YES;
				CLANG_WARN_INT_CONVERSION = YES;
				CLANG_WARN_OBJC_ROOT_CLASS = YES_ERROR;
				CLANG_WARN_UNREACHABLE_CODE = YES;
				CLANG_WARN__DUPLICATE_METHOD_MATCH = YES;
				"CODE_SIGN_IDENTITY[sdk=iphoneos*]" = "iPhone Developer";
				COPY_PHASE_STRIP = NO;
				DEBUG_INFORMATION_FORMAT = dwarf;
				ENABLE_STRICT_OBJC_MSGSEND = YES;
				ENABLE_TESTABILITY = YES;
				GCC_C_LANGUAGE_STANDARD = gnu99;
				GCC_DYNAMIC_NO_PIC = NO;
				GCC_NO_COMMON_BLOCKS = YES;
				GCC_OPTIMIZATION_LEVEL = 0;
				GCC_PREPROCESSOR_DEFINITIONS = (
					"DEBUG=1",
					"$(inherited)",
				);
				GCC_WARN_64_TO_32_BIT_CONVERSION = YES;
				GCC_WARN_ABOUT_RETURN_TYPE = YES_ERROR;
				GCC_WARN_UNDECLARED_SELECTOR = YES;
				GCC_WARN_UNINITIALIZED_AUTOS = YES_AGGRESSIVE;
				GCC_WARN_UNUSED_FUNCTION = YES;
				GCC_WARN_UNUSED_VARIABLE = YES;
				IPHONEOS_DEPLOYMENT_TARGET = 9.3;
				MTL_ENABLE_DEBUG_INFO = YES;
				ONLY_ACTIVE_ARCH = YES;
				SDKROOT = iphoneos;
				SWIFT_OPTIMIZATION_LEVEL = "-Onone";
				TARGETED_DEVICE_FAMILY = "1,2";
			};
			name = Debug;
		};
		967CBC0A1CA24BC8000D2027 /* Release */ = {
			isa = XCBuildConfiguration;
			buildSettings = {
				ALWAYS_SEARCH_USER_PATHS = NO;
				CLANG_ANALYZER_NONNULL = YES;
				CLANG_CXX_LANGUAGE_STANDARD = "gnu++0x";
				CLANG_CXX_LIBRARY = "libc++";
				CLANG_ENABLE_MODULES = YES;
				CLANG_ENABLE_OBJC_ARC = YES;
				CLANG_WARN_BOOL_CONVERSION = YES;
				CLANG_WARN_CONSTANT_CONVERSION = YES;
				CLANG_WARN_DIRECT_OBJC_ISA_USAGE = YES_ERROR;
				CLANG_WARN_EMPTY_BODY = YES;
				CLANG_WARN_ENUM_CONVERSION = YES;
				CLANG_WARN_INT_CONVERSION = YES;
				CLANG_WARN_OBJC_ROOT_CLASS = YES_ERROR;
				CLANG_WARN_UNREACHABLE_CODE = YES;
				CLANG_WARN__DUPLICATE_METHOD_MATCH = YES;
				"CODE_SIGN_IDENTITY[sdk=iphoneos*]" = "iPhone Developer";
				COPY_PHASE_STRIP = NO;
				DEBUG_INFORMATION_FORMAT = "dwarf-with-dsym";
				ENABLE_NS_ASSERTIONS = NO;
				ENABLE_STRICT_OBJC_MSGSEND = YES;
				GCC_C_LANGUAGE_STANDARD = gnu99;
				GCC_NO_COMMON_BLOCKS = YES;
				GCC_WARN_64_TO_32_BIT_CONVERSION = YES;
				GCC_WARN_ABOUT_RETURN_TYPE = YES_ERROR;
				GCC_WARN_UNDECLARED_SELECTOR = YES;
				GCC_WARN_UNINITIALIZED_AUTOS = YES_AGGRESSIVE;
				GCC_WARN_UNUSED_FUNCTION = YES;
				GCC_WARN_UNUSED_VARIABLE = YES;
				IPHONEOS_DEPLOYMENT_TARGET = 9.3;
				MTL_ENABLE_DEBUG_INFO = NO;
				SDKROOT = iphoneos;
				TARGETED_DEVICE_FAMILY = "1,2";
				VALIDATE_PRODUCT = YES;
			};
			name = Release;
		};
		967CBC0C1CA24BC8000D2027 /* Debug */ = {
			isa = XCBuildConfiguration;
			buildSettings = {
				ASSETCATALOG_COMPILER_APPICON_NAME = AppIcon;
				INFOPLIST_FILE = CPYPagerViewController/Info.plist;
				LD_RUNPATH_SEARCH_PATHS = "$(inherited) @executable_path/Frameworks";
				PRODUCT_BUNDLE_IDENTIFIER = com.ciel.CPYPagerViewController;
				PRODUCT_NAME = "$(TARGET_NAME)";
			};
			name = Debug;
		};
		967CBC0D1CA24BC8000D2027 /* Release */ = {
			isa = XCBuildConfiguration;
			buildSettings = {
				ASSETCATALOG_COMPILER_APPICON_NAME = AppIcon;
				INFOPLIST_FILE = CPYPagerViewController/Info.plist;
				LD_RUNPATH_SEARCH_PATHS = "$(inherited) @executable_path/Frameworks";
				PRODUCT_BUNDLE_IDENTIFIER = com.ciel.CPYPagerViewController;
				PRODUCT_NAME = "$(TARGET_NAME)";
			};
			name = Release;
		};
		967CBC0F1CA24BC8000D2027 /* Debug */ = {
			isa = XCBuildConfiguration;
			buildSettings = {
				BUNDLE_LOADER = "$(TEST_HOST)";
				INFOPLIST_FILE = CPYPagerViewControllerTests/Info.plist;
				LD_RUNPATH_SEARCH_PATHS = "$(inherited) @executable_path/Frameworks @loader_path/Frameworks";
				PRODUCT_BUNDLE_IDENTIFIER = com.ciel.CPYPagerViewControllerTests;
				PRODUCT_NAME = "$(TARGET_NAME)";
				TEST_HOST = "$(BUILT_PRODUCTS_DIR)/CPYPagerViewController.app/CPYPagerViewController";
			};
			name = Debug;
		};
		967CBC101CA24BC8000D2027 /* Release */ = {
			isa = XCBuildConfiguration;
			buildSettings = {
				BUNDLE_LOADER = "$(TEST_HOST)";
				INFOPLIST_FILE = CPYPagerViewControllerTests/Info.plist;
				LD_RUNPATH_SEARCH_PATHS = "$(inherited) @executable_path/Frameworks @loader_path/Frameworks";
				PRODUCT_BUNDLE_IDENTIFIER = com.ciel.CPYPagerViewControllerTests;
				PRODUCT_NAME = "$(TARGET_NAME)";
				TEST_HOST = "$(BUILT_PRODUCTS_DIR)/CPYPagerViewController.app/CPYPagerViewController";
			};
			name = Release;
		};
		967CBC121CA24BC8000D2027 /* Debug */ = {
			isa = XCBuildConfiguration;
			buildSettings = {
				INFOPLIST_FILE = CPYPagerViewControllerUITests/Info.plist;
				LD_RUNPATH_SEARCH_PATHS = "$(inherited) @executable_path/Frameworks @loader_path/Frameworks";
				PRODUCT_BUNDLE_IDENTIFIER = com.ciel.CPYPagerViewControllerUITests;
				PRODUCT_NAME = "$(TARGET_NAME)";
				TEST_TARGET_NAME = CPYPagerViewController;
			};
			name = Debug;
		};
		967CBC131CA24BC8000D2027 /* Release */ = {
			isa = XCBuildConfiguration;
			buildSettings = {
				INFOPLIST_FILE = CPYPagerViewControllerUITests/Info.plist;
				LD_RUNPATH_SEARCH_PATHS = "$(inherited) @executable_path/Frameworks @loader_path/Frameworks";
				PRODUCT_BUNDLE_IDENTIFIER = com.ciel.CPYPagerViewControllerUITests;
				PRODUCT_NAME = "$(TARGET_NAME)";
				TEST_TARGET_NAME = CPYPagerViewController;
			};
			name = Release;
		};
/* End XCBuildConfiguration section */

/* Begin XCConfigurationList section */
		967CBBDB1CA24BC8000D2027 /* Build configuration list for PBXProject "CPYPagerViewController" */ = {
			isa = XCConfigurationList;
			buildConfigurations = (
				967CBC091CA24BC8000D2027 /* Debug */,
				967CBC0A1CA24BC8000D2027 /* Release */,
			);
			defaultConfigurationIsVisible = 0;
			defaultConfigurationName = Release;
		};
		967CBC0B1CA24BC8000D2027 /* Build configuration list for PBXNativeTarget "CPYPagerViewController" */ = {
			isa = XCConfigurationList;
			buildConfigurations = (
				967CBC0C1CA24BC8000D2027 /* Debug */,
				967CBC0D1CA24BC8000D2027 /* Release */,
			);
			defaultConfigurationIsVisible = 0;
		};
		967CBC0E1CA24BC8000D2027 /* Build configuration list for PBXNativeTarget "CPYPagerViewControllerTests" */ = {
			isa = XCConfigurationList;
			buildConfigurations = (
				967CBC0F1CA24BC8000D2027 /* Debug */,
				967CBC101CA24BC8000D2027 /* Release */,
			);
			defaultConfigurationIsVisible = 0;
		};
		967CBC111CA24BC8000D2027 /* Build configuration list for PBXNativeTarget "CPYPagerViewControllerUITests" */ = {
			isa = XCConfigurationList;
			buildConfigurations = (
				967CBC121CA24BC8000D2027 /* Debug */,
				967CBC131CA24BC8000D2027 /* Release */,
			);
			defaultConfigurationIsVisible = 0;
		};
/* End XCConfigurationList section */

/* Begin XCVersionGroup section */
		967CBBEA1CA24BC8000D2027 /* CPYPagerViewController.xcdatamodeld */ = {
			isa = XCVersionGroup;
			children = (
				967CBBEB1CA24BC8000D2027 /* CPYPagerViewController.xcdatamodel */,
			);
			currentVersion = 967CBBEB1CA24BC8000D2027 /* CPYPagerViewController.xcdatamodel */;
			path = CPYPagerViewController.xcdatamodeld;
			sourceTree = "<group>";
			versionGroupType = wrapper.xcdatamodel;
		};
/* End XCVersionGroup section */
	};
	rootObject = 967CBBD81CA24BC8000D2027 /* Project object */;
}
